PODS:
  - RxCocoa (6.1.0):
    - RxRelay (= 6.1.0)
    - RxSwift (= 6.1.0)
  - RxOptional (5.0.1):
    - RxCocoa (~> 6.0)
    - RxSwift (~> 6.0)
  - RxRelay (6.1.0):
    - RxSwift (= 6.1.0)
  - RxSwift (6.1.0)
  - SwiftLint (0.42.0)

DEPENDENCIES:
  - RxCocoa
  - RxOptional
  - RxSwift
  - SwiftLint

SPEC REPOS:
  trunk:
    - RxCocoa
    - RxOptional
    - RxRelay
    - RxSwift
    - SwiftLint

SPEC CHECKSUMS:
  RxCocoa: 5c51f02d562cbd94629f6c26cf0c80fe4ab8d343
  RxOptional: e0b39f0863c25c4bfeea83cb35102a5244d048b3
  RxRelay: 483e1a19fad961b41f0b0c0bee506f46c1ae14fe
  RxSwift: a834e5c538e89eca0cae86f403f4fbf0336786ce
  SwiftLint: 4fa9579c63416865179bc416f0a92d55f009600d

PODFILE CHECKSUM: 8861f147d2974886c0567643fe258e49f5221a59

COCOAPODS: 1.10.1
